PODS:
  - device_info_plus (0.0.1):
    - Flutter
  - Flutter (1.0.0)
  - flutter_blue_plus_darwin (0.0.2):
    - Flutter
    - FlutterMacOS
  - package_info_plus (0.4.5):
    - Flutter
  - path_provider_foundation (0.0.1):
    - Flutter
    - FlutterMacOS
  - permission_handler_apple (9.3.0):
    - Flutter
  - sqlite3 (3.48.0):
    - sqlite3/common (= 3.48.0)
  - sqlite3/common (3.48.0)
  - sqlite3/dbstatvtab (3.48.0):
    - sqlite3/common
  - sqlite3/fts5 (3.48.0):
    - sqlite3/common
  - sqlite3/perf-threadsafe (3.48.0):
    - sqlite3/common
  - sqlite3/rtree (3.48.0):
    - sqlite3/common
  - sqlite3_flutter_libs (0.0.1):
    - Flutter
    - FlutterMacOS
    - sqlite3 (~> 3.48.0)
    - sqlite3/dbstatvtab
    - sqlite3/fts5
    - sqlite3/perf-threadsafe
    - sqlite3/rtree
  - url_launcher_ios (0.0.1):
    - Flutter
  - vibration (3.0.0):
    - Flutter

DEPENDENCIES:
  - device_info_plus (from `.symlinks/plugins/device_info_plus/ios`)
  - Flutter (from `Flutter`)
  - flutter_blue_plus_darwin (from `.symlinks/plugins/flutter_blue_plus_darwin/darwin`)
  - package_info_plus (from `.symlinks/plugins/package_info_plus/ios`)
  - path_provider_foundation (from `.symlinks/plugins/path_provider_foundation/darwin`)
  - permission_handler_apple (from `.symlinks/plugins/permission_handler_apple/ios`)
  - sqlite3_flutter_libs (from `.symlinks/plugins/sqlite3_flutter_libs/darwin`)
  - url_launcher_ios (from `.symlinks/plugins/url_launcher_ios/ios`)
  - vibration (from `.symlinks/plugins/vibration/ios`)

SPEC REPOS:
  trunk:
    - sqlite3

EXTERNAL SOURCES:
  device_info_plus:
    :path: ".symlinks/plugins/device_info_plus/ios"
  Flutter:
    :path: Flutter
  flutter_blue_plus_darwin:
    :path: ".symlinks/plugins/flutter_blue_plus_darwin/darwin"
  package_info_plus:
    :path: ".symlinks/plugins/package_info_plus/ios"
  path_provider_foundation:
    :path: ".symlinks/plugins/path_provider_foundation/darwin"
  permission_handler_apple:
    :path: ".symlinks/plugins/permission_handler_apple/ios"
  sqlite3_flutter_libs:
    :path: ".symlinks/plugins/sqlite3_flutter_libs/darwin"
  url_launcher_ios:
    :path: ".symlinks/plugins/url_launcher_ios/ios"
  vibration:
    :path: ".symlinks/plugins/vibration/ios"

SPEC CHECKSUMS:
  device_info_plus: 21fcca2080fbcd348be798aa36c3e5ed849eefbe
  Flutter: e0871f40cf51350855a761d2e70bf5af5b9b5de7
  flutter_blue_plus_darwin: 09444a26fb6bdef523e55b68fc1c59af5a877ea6
  package_info_plus: af8e2ca6888548050f16fa2f1938db7b5a5df499
  path_provider_foundation: 080d55be775b7414fd5a5ef3ac137b97b097e564
  permission_handler_apple: 4ed2196e43d0651e8ff7ca3483a069d469701f2d
  sqlite3: 3da10a59910c809fb584a93aa46a3f05b785e12e
  sqlite3_flutter_libs: c26d86af4ad88f1465dc4e07e6dc6931eef228e4
  url_launcher_ios: 694010445543906933d732453a59da0a173ae33d
  vibration: 69774ad57825b11c951ee4c46155f455d7a592ce

PODFILE CHECKSUM: c4c93c5f6502fe2754f48404d3594bf779584011

COCOAPODS: 1.16.2
